
Microsoft Visual Studio Solution File, Format Version 12.00
# Visual Studio Version 17
VisualStudioVersion = 17.14.36414.22
MinimumVisualStudioVersion = 10.0.40219.1
Project("{FAE04EC0-301F-11D3-BF4B-00C04F79EFBC}") = "xayDungNgayThang", "xayDungNgayThang\xayDungNgayThang.csproj", "{B437FCE9-D50D-4065-8344-A497F98C1A2D}"
EndProject
Project("{FAE04EC0-301F-11D3-BF4B-00C04F79EFBC}") = "xayDungPhanSo", "xayDungPhanSo\xayDungPhanSo.csproj", "{D470ACFC-955B-425B-8BC8-DE8580B9DEDE}"
EndProject
Project("{FAE04EC0-301F-11D3-BF4B-00C04F79EFBC}") = "quanLyNhanVien", "quanLyNhanVien\quanLyNhanVien.csproj", "{A5037027-803D-4B9F-870C-1FBFE8FF84FE}"
EndProject
Global
	GlobalSection(SolutionConfigurationPlatforms) = preSolution
		Debug|Any CPU = Debug|Any CPU
		Release|Any CPU = Release|Any CPU
	EndGlobalSection
	GlobalSection(ProjectConfigurationPlatforms) = postSolution
		{B437FCE9-D50D-4065-8344-A497F98C1A2D}.Debug|Any CPU.ActiveCfg = Debug|Any CPU
		{B437FCE9-D50D-4065-8344-A497F98C1A2D}.Debug|Any CPU.Build.0 = Debug|Any CPU
		{B437FCE9-D50D-4065-8344-A497F98C1A2D}.Release|Any CPU.ActiveCfg = Release|Any CPU
		{B437FCE9-D50D-4065-8344-A497F98C1A2D}.Release|Any CPU.Build.0 = Release|Any CPU
		{D470ACFC-955B-425B-8BC8-DE8580B9DEDE}.Debug|Any CPU.ActiveCfg = Debug|Any CPU
		{D470ACFC-955B-425B-8BC8-DE8580B9DEDE}.Debug|Any CPU.Build.0 = Debug|Any CPU
		{D470ACFC-955B-425B-8BC8-DE8580B9DEDE}.Release|Any CPU.ActiveCfg = Release|Any CPU
		{D470ACFC-955B-425B-8BC8-DE8580B9DEDE}.Release|Any CPU.Build.0 = Release|Any CPU
		{A5037027-803D-4B9F-870C-1FBFE8FF84FE}.Debug|Any CPU.ActiveCfg = Debug|Any CPU
		{A5037027-803D-4B9F-870C-1FBFE8FF84FE}.Debug|Any CPU.Build.0 = Debug|Any CPU
		{A5037027-803D-4B9F-870C-1FBFE8FF84FE}.Release|Any CPU.ActiveCfg = Release|Any CPU
		{A5037027-803D-4B9F-870C-1FBFE8FF84FE}.Release|Any CPU.Build.0 = Release|Any CPU
	EndGlobalSection
	GlobalSection(SolutionProperties) = preSolution
		HideSolutionNode = FALSE
	EndGlobalSection
	GlobalSection(ExtensibilityGlobals) = postSolution
		SolutionGuid = {E8E91189-1303-45D0-8386-F09C65D81690}
	EndGlobalSection
EndGlobal
